
Microsoft Visual Studio Solution File, Format Version 12.00
# Visual Studio Version 17
VisualStudioVersion = 17.12.35527.113
MinimumVisualStudioVersion = 10.0.40219.1
Project("{FAE04EC0-301F-11D3-BF4B-00C04F79EFBC}") = "exo_01", "exo-01\exo_01.csproj", "{BC2C9509-62C3-4B98-B594-954E01314878}"
EndProject
Project("{FAE04EC0-301F-11D3-BF4B-00C04F79EFBC}") = "exo_02", "exo-02\exo_02.csproj", "{9C29FF5B-00C0-4A62-B70E-8FCEA3D4B499}"
EndProject
Project("{FAE04EC0-301F-11D3-BF4B-00C04F79EFBC}") = "exo_03", "exo-03\exo_03.csproj", "{36836C71-5D88-4C32-B8A2-A20A2BF2607E}"
EndProject
Project("{FAE04EC0-301F-11D3-BF4B-00C04F79EFBC}") = "exo_04", "exo-04\exo_04.csproj", "{0AD28035-FF9A-4767-9D65-E60F978FD27A}"
EndProject
Project("{FAE04EC0-301F-11D3-BF4B-00C04F79EFBC}") = "exo_05", "exo-05\exo_05.csproj", "{9FCEB474-CE83-4077-B81A-E7FF4565CC27}"
EndProject
Project("{FAE04EC0-301F-11D3-BF4B-00C04F79EFBC}") = "exo_06", "exo-06\exo_06.csproj", "{24437858-5AAE-4252-A96F-133CE69863E7}"
EndProject
Project("{FAE04EC0-301F-11D3-BF4B-00C04F79EFBC}") = "exo_07", "exo-07\exo_07.csproj", "{A6FDA721-9B57-48AA-A24E-A96061788422}"
EndProject
Project("{FAE04EC0-301F-11D3-BF4B-00C04F79EFBC}") = "exo_08", "exo-08\exo_08.csproj", "{E81955EA-3820-49B7-BD1C-FFBC2B514A7E}"
EndProject
Project("{FAE04EC0-301F-11D3-BF4B-00C04F79EFBC}") = "exo_09", "exo_09\exo_09.csproj", "{5632CFDF-BC48-498B-8D75-5FAA635F1A09}"
EndProject
Project("{FAE04EC0-301F-11D3-BF4B-00C04F79EFBC}") = "exo_10", "exo_10\exo_10.csproj", "{EBD1CD19-BBE6-41A0-84DB-6098A1AB3D6D}"
EndProject
Project("{FAE04EC0-301F-11D3-BF4B-00C04F79EFBC}") = "exo_11", "exo_11\exo_11.csproj", "{F7F0FEE2-E0A5-4F84-98EA-5BC3AF6D5F8A}"
EndProject
Project("{FAE04EC0-301F-11D3-BF4B-00C04F79EFBC}") = "exo_12", "exo_12\exo_12.csproj", "{551DE3AB-A187-4632-8A8F-DC5EA2C670EF}"
EndProject
Project("{FAE04EC0-301F-11D3-BF4B-00C04F79EFBC}") = "exo_13", "exo_13\exo_13.csproj", "{08997F1F-93EC-4E19-9685-C094184C2F29}"
EndProject
Project("{FAE04EC0-301F-11D3-BF4B-00C04F79EFBC}") = "exo_14", "exo_14\exo_14.csproj", "{C467B5FF-D211-4E66-81EB-26EED0644BE8}"
EndProject
Project("{FAE04EC0-301F-11D3-BF4B-00C04F79EFBC}") = "exo_15", "exo_15\exo_15.csproj", "{330F3CD1-D4CD-4061-96A8-9F3CB5982E01}"
EndProject
Project("{FAE04EC0-301F-11D3-BF4B-00C04F79EFBC}") = "exo_16", "exo_16\exo_16.csproj", "{D4436AB6-67AE-4702-976C-2DD9FBA90E1C}"
EndProject
Project("{FAE04EC0-301F-11D3-BF4B-00C04F79EFBC}") = "exo_17", "exo_17\exo_17.csproj", "{208A0891-9346-46E7-AFB3-566FC41D5E56}"
EndProject
Project("{FAE04EC0-301F-11D3-BF4B-00C04F79EFBC}") = "exo_18", "exo_18\exo_18.csproj", "{10255793-5CCB-4C3D-90CA-E413376894AC}"
EndProject
Project("{FAE04EC0-301F-11D3-BF4B-00C04F79EFBC}") = "exo_19", "exo_19\exo_19.csproj", "{ECAE8286-5A02-4F1E-88F3-531EE4180C94}"
EndProject
Project("{FAE04EC0-301F-11D3-BF4B-00C04F79EFBC}") = "exo_20", "exo_20\exo_20.csproj", "{092B5F21-3663-4647-A034-6FE6A22FEBA1}"
EndProject
Project("{FAE04EC0-301F-11D3-BF4B-00C04F79EFBC}") = "exo_21", "exo_21\exo_21.csproj", "{12394C26-B760-49FD-9949-60F1CF631325}"
EndProject
Project("{FAE04EC0-301F-11D3-BF4B-00C04F79EFBC}") = "exo_22", "exo_22\exo_22.csproj", "{B86CDA41-9A09-4CE1-BFEB-F56FD3C5E789}"
EndProject
Project("{FAE04EC0-301F-11D3-BF4B-00C04F79EFBC}") = "exo_23", "exo_23\exo_23.csproj", "{E215E638-B304-45F6-B68E-97371067F9E2}"
EndProject
Project("{FAE04EC0-301F-11D3-BF4B-00C04F79EFBC}") = "exo_24", "exo_24\exo_24.csproj", "{A4BB609F-7EB4-4A86-A52F-4CE7934432C2}"
EndProject
Project("{FAE04EC0-301F-11D3-BF4B-00C04F79EFBC}") = "exo_25", "exo_25\exo_25.csproj", "{6159B7CD-0D7A-4848-978D-9B880285ED17}"
EndProject
Project("{FAE04EC0-301F-11D3-BF4B-00C04F79EFBC}") = "exo_26", "exo_26\exo_26.csproj", "{7BC58286-34D8-4738-9EF5-05BE9CC1DBC2}"
EndProject
Project("{FAE04EC0-301F-11D3-BF4B-00C04F79EFBC}") = "exo_27", "exo_27\exo_27.csproj", "{F81C4C6D-9BDF-445F-9E5F-7A32C27CCE18}"
EndProject
Project("{FAE04EC0-301F-11D3-BF4B-00C04F79EFBC}") = "exo_28", "exo_28\exo_28.csproj", "{E1EFFA26-2B74-4C84-9630-0ECE7E4E4234}"
EndProject
Project("{FAE04EC0-301F-11D3-BF4B-00C04F79EFBC}") = "exo_29", "exo_29\exo_29.csproj", "{9766489D-108F-48D5-9196-DE407F5642AD}"
EndProject
Project("{FAE04EC0-301F-11D3-BF4B-00C04F79EFBC}") = "exo_30", "exo_30\exo_30.csproj", "{737D97F1-C2BC-4CF0-97D3-3BF50BA5E0E5}"
EndProject
Project("{FAE04EC0-301F-11D3-BF4B-00C04F79EFBC}") = "exo_31", "exo_31\exo_31.csproj", "{9A3ADDFB-CAA4-454F-9ACC-ABB8FEDBED03}"
EndProject
Project("{FAE04EC0-301F-11D3-BF4B-00C04F79EFBC}") = "exo_32", "exo_32\exo_32.csproj", "{88072513-3860-4A57-9FF9-FCCF2F8E5652}"
EndProject
Global
	GlobalSection(SolutionConfigurationPlatforms) = preSolution
		Debug|Any CPU = Debug|Any CPU
		Release|Any CPU = Release|Any CPU
	EndGlobalSection
	GlobalSection(ProjectConfigurationPlatforms) = postSolution
		{BC2C9509-62C3-4B98-B594-954E01314878}.Debug|Any CPU.ActiveCfg = Debug|Any CPU
		{BC2C9509-62C3-4B98-B594-954E01314878}.Debug|Any CPU.Build.0 = Debug|Any CPU
		{BC2C9509-62C3-4B98-B594-954E01314878}.Release|Any CPU.ActiveCfg = Release|Any CPU
		{BC2C9509-62C3-4B98-B594-954E01314878}.Release|Any CPU.Build.0 = Release|Any CPU
		{9C29FF5B-00C0-4A62-B70E-8FCEA3D4B499}.Debug|Any CPU.ActiveCfg = Debug|Any CPU
		{9C29FF5B-00C0-4A62-B70E-8FCEA3D4B499}.Debug|Any CPU.Build.0 = Debug|Any CPU
		{9C29FF5B-00C0-4A62-B70E-8FCEA3D4B499}.Release|Any CPU.ActiveCfg = Release|Any CPU
		{9C29FF5B-00C0-4A62-B70E-8FCEA3D4B499}.Release|Any CPU.Build.0 = Release|Any CPU
		{36836C71-5D88-4C32-B8A2-A20A2BF2607E}.Debug|Any CPU.ActiveCfg = Debug|Any CPU
		{36836C71-5D88-4C32-B8A2-A20A2BF2607E}.Debug|Any CPU.Build.0 = Debug|Any CPU
		{36836C71-5D88-4C32-B8A2-A20A2BF2607E}.Release|Any CPU.ActiveCfg = Release|Any CPU
		{36836C71-5D88-4C32-B8A2-A20A2BF2607E}.Release|Any CPU.Build.0 = Release|Any CPU
		{0AD28035-FF9A-4767-9D65-E60F978FD27A}.Debug|Any CPU.ActiveCfg = Debug|Any CPU
		{0AD28035-FF9A-4767-9D65-E60F978FD27A}.Debug|Any CPU.Build.0 = Debug|Any CPU
		{0AD28035-FF9A-4767-9D65-E60F978FD27A}.Release|Any CPU.ActiveCfg = Release|Any CPU
		{0AD28035-FF9A-4767-9D65-E60F978FD27A}.Release|Any CPU.Build.0 = Release|Any CPU
		{9FCEB474-CE83-4077-B81A-E7FF4565CC27}.Debug|Any CPU.ActiveCfg = Debug|Any CPU
		{9FCEB474-CE83-4077-B81A-E7FF4565CC27}.Debug|Any CPU.Build.0 = Debug|Any CPU
		{9FCEB474-CE83-4077-B81A-E7FF4565CC27}.Release|Any CPU.ActiveCfg = Release|Any CPU
		{9FCEB474-CE83-4077-B81A-E7FF4565CC27}.Release|Any CPU.Build.0 = Release|Any CPU
		{24437858-5AAE-4252-A96F-133CE69863E7}.Debug|Any CPU.ActiveCfg = Debug|Any CPU
		{24437858-5AAE-4252-A96F-133CE69863E7}.Debug|Any CPU.Build.0 = Debug|Any CPU
		{24437858-5AAE-4252-A96F-133CE69863E7}.Release|Any CPU.ActiveCfg = Release|Any CPU
		{24437858-5AAE-4252-A96F-133CE69863E7}.Release|Any CPU.Build.0 = Release|Any CPU
		{A6FDA721-9B57-48AA-A24E-A96061788422}.Debug|Any CPU.ActiveCfg = Debug|Any CPU
		{A6FDA721-9B57-48AA-A24E-A96061788422}.Debug|Any CPU.Build.0 = Debug|Any CPU
		{A6FDA721-9B57-48AA-A24E-A96061788422}.Release|Any CPU.ActiveCfg = Release|Any CPU
		{A6FDA721-9B57-48AA-A24E-A96061788422}.Release|Any CPU.Build.0 = Release|Any CPU
		{E81955EA-3820-49B7-BD1C-FFBC2B514A7E}.Debug|Any CPU.ActiveCfg = Debug|Any CPU
		{E81955EA-3820-49B7-BD1C-FFBC2B514A7E}.Debug|Any CPU.Build.0 = Debug|Any CPU
		{E81955EA-3820-49B7-BD1C-FFBC2B514A7E}.Release|Any CPU.ActiveCfg = Release|Any CPU
		{E81955EA-3820-49B7-BD1C-FFBC2B514A7E}.Release|Any CPU.Build.0 = Release|Any CPU
		{5632CFDF-BC48-498B-8D75-5FAA635F1A09}.Debug|Any CPU.ActiveCfg = Debug|Any CPU
		{5632CFDF-BC48-498B-8D75-5FAA635F1A09}.Debug|Any CPU.Build.0 = Debug|Any CPU
		{5632CFDF-BC48-498B-8D75-5FAA635F1A09}.Release|Any CPU.ActiveCfg = Release|Any CPU
		{5632CFDF-BC48-498B-8D75-5FAA635F1A09}.Release|Any CPU.Build.0 = Release|Any CPU
		{EBD1CD19-BBE6-41A0-84DB-6098A1AB3D6D}.Debug|Any CPU.ActiveCfg = Debug|Any CPU
		{EBD1CD19-BBE6-41A0-84DB-6098A1AB3D6D}.Debug|Any CPU.Build.0 = Debug|Any CPU
		{EBD1CD19-BBE6-41A0-84DB-6098A1AB3D6D}.Release|Any CPU.ActiveCfg = Release|Any CPU
		{EBD1CD19-BBE6-41A0-84DB-6098A1AB3D6D}.Release|Any CPU.Build.0 = Release|Any CPU
		{F7F0FEE2-E0A5-4F84-98EA-5BC3AF6D5F8A}.Debug|Any CPU.ActiveCfg = Debug|Any CPU
		{F7F0FEE2-E0A5-4F84-98EA-5BC3AF6D5F8A}.Debug|Any CPU.Build.0 = Debug|Any CPU
		{F7F0FEE2-E0A5-4F84-98EA-5BC3AF6D5F8A}.Release|Any CPU.ActiveCfg = Release|Any CPU
		{F7F0FEE2-E0A5-4F84-98EA-5BC3AF6D5F8A}.Release|Any CPU.Build.0 = Release|Any CPU
		{551DE3AB-A187-4632-8A8F-DC5EA2C670EF}.Debug|Any CPU.ActiveCfg = Debug|Any CPU
		{551DE3AB-A187-4632-8A8F-DC5EA2C670EF}.Debug|Any CPU.Build.0 = Debug|Any CPU
		{551DE3AB-A187-4632-8A8F-DC5EA2C670EF}.Release|Any CPU.ActiveCfg = Release|Any CPU
		{551DE3AB-A187-4632-8A8F-DC5EA2C670EF}.Release|Any CPU.Build.0 = Release|Any CPU
		{08997F1F-93EC-4E19-9685-C094184C2F29}.Debug|Any CPU.ActiveCfg = Debug|Any CPU
		{08997F1F-93EC-4E19-9685-C094184C2F29}.Debug|Any CPU.Build.0 = Debug|Any CPU
		{08997F1F-93EC-4E19-9685-C094184C2F29}.Release|Any CPU.ActiveCfg = Release|Any CPU
		{08997F1F-93EC-4E19-9685-C094184C2F29}.Release|Any CPU.Build.0 = Release|Any CPU
		{C467B5FF-D211-4E66-81EB-26EED0644BE8}.Debug|Any CPU.ActiveCfg = Debug|Any CPU
		{C467B5FF-D211-4E66-81EB-26EED0644BE8}.Debug|Any CPU.Build.0 = Debug|Any CPU
		{C467B5FF-D211-4E66-81EB-26EED0644BE8}.Release|Any CPU.ActiveCfg = Release|Any CPU
		{C467B5FF-D211-4E66-81EB-26EED0644BE8}.Release|Any CPU.Build.0 = Release|Any CPU
		{330F3CD1-D4CD-4061-96A8-9F3CB5982E01}.Debug|Any CPU.ActiveCfg = Debug|Any CPU
		{330F3CD1-D4CD-4061-96A8-9F3CB5982E01}.Debug|Any CPU.Build.0 = Debug|Any CPU
		{330F3CD1-D4CD-4061-96A8-9F3CB5982E01}.Release|Any CPU.ActiveCfg = Release|Any CPU
		{330F3CD1-D4CD-4061-96A8-9F3CB5982E01}.Release|Any CPU.Build.0 = Release|Any CPU
		{D4436AB6-67AE-4702-976C-2DD9FBA90E1C}.Debug|Any CPU.ActiveCfg = Debug|Any CPU
		{D4436AB6-67AE-4702-976C-2DD9FBA90E1C}.Debug|Any CPU.Build.0 = Debug|Any CPU
		{D4436AB6-67AE-4702-976C-2DD9FBA90E1C}.Release|Any CPU.ActiveCfg = Release|Any CPU
		{D4436AB6-67AE-4702-976C-2DD9FBA90E1C}.Release|Any CPU.Build.0 = Release|Any CPU
		{208A0891-9346-46E7-AFB3-566FC41D5E56}.Debug|Any CPU.ActiveCfg = Debug|Any CPU
		{208A0891-9346-46E7-AFB3-566FC41D5E56}.Debug|Any CPU.Build.0 = Debug|Any CPU
		{208A0891-9346-46E7-AFB3-566FC41D5E56}.Release|Any CPU.ActiveCfg = Release|Any CPU
		{208A0891-9346-46E7-AFB3-566FC41D5E56}.Release|Any CPU.Build.0 = Release|Any CPU
		{10255793-5CCB-4C3D-90CA-E413376894AC}.Debug|Any CPU.ActiveCfg = Debug|Any CPU
		{10255793-5CCB-4C3D-90CA-E413376894AC}.Debug|Any CPU.Build.0 = Debug|Any CPU
		{10255793-5CCB-4C3D-90CA-E413376894AC}.Release|Any CPU.ActiveCfg = Release|Any CPU
		{10255793-5CCB-4C3D-90CA-E413376894AC}.Release|Any CPU.Build.0 = Release|Any CPU
		{ECAE8286-5A02-4F1E-88F3-531EE4180C94}.Debug|Any CPU.ActiveCfg = Debug|Any CPU
		{ECAE8286-5A02-4F1E-88F3-531EE4180C94}.Debug|Any CPU.Build.0 = Debug|Any CPU
		{ECAE8286-5A02-4F1E-88F3-531EE4180C94}.Release|Any CPU.ActiveCfg = Release|Any CPU
		{ECAE8286-5A02-4F1E-88F3-531EE4180C94}.Release|Any CPU.Build.0 = Release|Any CPU
		{092B5F21-3663-4647-A034-6FE6A22FEBA1}.Debug|Any CPU.ActiveCfg = Debug|Any CPU
		{092B5F21-3663-4647-A034-6FE6A22FEBA1}.Debug|Any CPU.Build.0 = Debug|Any CPU
		{092B5F21-3663-4647-A034-6FE6A22FEBA1}.Release|Any CPU.ActiveCfg = Release|Any CPU
		{092B5F21-3663-4647-A034-6FE6A22FEBA1}.Release|Any CPU.Build.0 = Release|Any CPU
		{12394C26-B760-49FD-9949-60F1CF631325}.Debug|Any CPU.ActiveCfg = Debug|Any CPU
		{12394C26-B760-49FD-9949-60F1CF631325}.Debug|Any CPU.Build.0 = Debug|Any CPU
		{12394C26-B760-49FD-9949-60F1CF631325}.Release|Any CPU.ActiveCfg = Release|Any CPU
		{12394C26-B760-49FD-9949-60F1CF631325}.Release|Any CPU.Build.0 = Release|Any CPU
		{B86CDA41-9A09-4CE1-BFEB-F56FD3C5E789}.Debug|Any CPU.ActiveCfg = Debug|Any CPU
		{B86CDA41-9A09-4CE1-BFEB-F56FD3C5E789}.Debug|Any CPU.Build.0 = Debug|Any CPU
		{B86CDA41-9A09-4CE1-BFEB-F56FD3C5E789}.Release|Any CPU.ActiveCfg = Release|Any CPU
		{B86CDA41-9A09-4CE1-BFEB-F56FD3C5E789}.Release|Any CPU.Build.0 = Release|Any CPU
		{E215E638-B304-45F6-B68E-97371067F9E2}.Debug|Any CPU.ActiveCfg = Debug|Any CPU
		{E215E638-B304-45F6-B68E-97371067F9E2}.Debug|Any CPU.Build.0 = Debug|Any CPU
		{E215E638-B304-45F6-B68E-97371067F9E2}.Release|Any CPU.ActiveCfg = Release|Any CPU
		{E215E638-B304-45F6-B68E-97371067F9E2}.Release|Any CPU.Build.0 = Release|Any CPU
		{A4BB609F-7EB4-4A86-A52F-4CE7934432C2}.Debug|Any CPU.ActiveCfg = Debug|Any CPU
		{A4BB609F-7EB4-4A86-A52F-4CE7934432C2}.Debug|Any CPU.Build.0 = Debug|Any CPU
		{A4BB609F-7EB4-4A86-A52F-4CE7934432C2}.Release|Any CPU.ActiveCfg = Release|Any CPU
		{A4BB609F-7EB4-4A86-A52F-4CE7934432C2}.Release|Any CPU.Build.0 = Release|Any CPU
		{6159B7CD-0D7A-4848-978D-9B880285ED17}.Debug|Any CPU.ActiveCfg = Debug|Any CPU
		{6159B7CD-0D7A-4848-978D-9B880285ED17}.Debug|Any CPU.Build.0 = Debug|Any CPU
		{6159B7CD-0D7A-4848-978D-9B880285ED17}.Release|Any CPU.ActiveCfg = Release|Any CPU
		{6159B7CD-0D7A-4848-978D-9B880285ED17}.Release|Any CPU.Build.0 = Release|Any CPU
		{7BC58286-34D8-4738-9EF5-05BE9CC1DBC2}.Debug|Any CPU.ActiveCfg = Debug|Any CPU
		{7BC58286-34D8-4738-9EF5-05BE9CC1DBC2}.Debug|Any CPU.Build.0 = Debug|Any CPU
		{7BC58286-34D8-4738-9EF5-05BE9CC1DBC2}.Release|Any CPU.ActiveCfg = Release|Any CPU
		{7BC58286-34D8-4738-9EF5-05BE9CC1DBC2}.Release|Any CPU.Build.0 = Release|Any CPU
		{F81C4C6D-9BDF-445F-9E5F-7A32C27CCE18}.Debug|Any CPU.ActiveCfg = Debug|Any CPU
		{F81C4C6D-9BDF-445F-9E5F-7A32C27CCE18}.Debug|Any CPU.Build.0 = Debug|Any CPU
		{F81C4C6D-9BDF-445F-9E5F-7A32C27CCE18}.Release|Any CPU.ActiveCfg = Release|Any CPU
		{F81C4C6D-9BDF-445F-9E5F-7A32C27CCE18}.Release|Any CPU.Build.0 = Release|Any CPU
		{E1EFFA26-2B74-4C84-9630-0ECE7E4E4234}.Debug|Any CPU.ActiveCfg = Debug|Any CPU
		{E1EFFA26-2B74-4C84-9630-0ECE7E4E4234}.Debug|Any CPU.Build.0 = Debug|Any CPU
		{E1EFFA26-2B74-4C84-9630-0ECE7E4E4234}.Release|Any CPU.ActiveCfg = Release|Any CPU
		{E1EFFA26-2B74-4C84-9630-0ECE7E4E4234}.Release|Any CPU.Build.0 = Release|Any CPU
		{9766489D-108F-48D5-9196-DE407F5642AD}.Debug|Any CPU.ActiveCfg = Debug|Any CPU
		{9766489D-108F-48D5-9196-DE407F5642AD}.Debug|Any CPU.Build.0 = Debug|Any CPU
		{9766489D-108F-48D5-9196-DE407F5642AD}.Release|Any CPU.ActiveCfg = Release|Any CPU
		{9766489D-108F-48D5-9196-DE407F5642AD}.Release|Any CPU.Build.0 = Release|Any CPU
		{737D97F1-C2BC-4CF0-97D3-3BF50BA5E0E5}.Debug|Any CPU.ActiveCfg = Debug|Any CPU
		{737D97F1-C2BC-4CF0-97D3-3BF50BA5E0E5}.Debug|Any CPU.Build.0 = Debug|Any CPU
		{737D97F1-C2BC-4CF0-97D3-3BF50BA5E0E5}.Release|Any CPU.ActiveCfg = Release|Any CPU
		{737D97F1-C2BC-4CF0-97D3-3BF50BA5E0E5}.Release|Any CPU.Build.0 = Release|Any CPU
		{9A3ADDFB-CAA4-454F-9ACC-ABB8FEDBED03}.Debug|Any CPU.ActiveCfg = Debug|Any CPU
		{9A3ADDFB-CAA4-454F-9ACC-ABB8FEDBED03}.Debug|Any CPU.Build.0 = Debug|Any CPU
		{9A3ADDFB-CAA4-454F-9ACC-ABB8FEDBED03}.Release|Any CPU.ActiveCfg = Release|Any CPU
		{9A3ADDFB-CAA4-454F-9ACC-ABB8FEDBED03}.Release|Any CPU.Build.0 = Release|Any CPU
		{88072513-3860-4A57-9FF9-FCCF2F8E5652}.Debug|Any CPU.ActiveCfg = Debug|Any CPU
		{88072513-3860-4A57-9FF9-FCCF2F8E5652}.Debug|Any CPU.Build.0 = Debug|Any CPU
		{88072513-3860-4A57-9FF9-FCCF2F8E5652}.Release|Any CPU.ActiveCfg = Release|Any CPU
		{88072513-3860-4A57-9FF9-FCCF2F8E5652}.Release|Any CPU.Build.0 = Release|Any CPU
	EndGlobalSection
	GlobalSection(SolutionProperties) = preSolution
		HideSolutionNode = FALSE
	EndGlobalSection
EndGlobal
