
Microsoft Visual Studio Solution File, Format Version 12.00
# Visual Studio Version 17
VisualStudioVersion = 17.12.35527.113 d17.12
MinimumVisualStudioVersion = 10.0.40219.1
Project("{FAE04EC0-301F-11D3-BF4B-00C04F79EFBC}") = "demo-01", "demo-01\demo-01.csproj", "{73D58015-05CD-43E2-874B-77317F5D9EFF}"
EndProject
Project("{FAE04EC0-301F-11D3-BF4B-00C04F79EFBC}") = "demo-02", "demo-02\demo-02.csproj", "{7BD51C9B-21A7-459E-B433-CEDD805D9BE1}"
EndProject
Global
	GlobalSection(SolutionConfigurationPlatforms) = preSolution
		Debug|Any CPU = Debug|Any CPU
		Release|Any CPU = Release|Any CPU
	EndGlobalSection
	GlobalSection(ProjectConfigurationPlatforms) = postSolution
		{73D58015-05CD-43E2-874B-77317F5D9EFF}.Debug|Any CPU.ActiveCfg = Debug|Any CPU
		{73D58015-05CD-43E2-874B-77317F5D9EFF}.Debug|Any CPU.Build.0 = Debug|Any CPU
		{73D58015-05CD-43E2-874B-77317F5D9EFF}.Release|Any CPU.ActiveCfg = Release|Any CPU
		{73D58015-05CD-43E2-874B-77317F5D9EFF}.Release|Any CPU.Build.0 = Release|Any CPU
		{7BD51C9B-21A7-459E-B433-CEDD805D9BE1}.Debug|Any CPU.ActiveCfg = Debug|Any CPU
		{7BD51C9B-21A7-459E-B433-CEDD805D9BE1}.Debug|Any CPU.Build.0 = Debug|Any CPU
		{7BD51C9B-21A7-459E-B433-CEDD805D9BE1}.Release|Any CPU.ActiveCfg = Release|Any CPU
		{7BD51C9B-21A7-459E-B433-CEDD805D9BE1}.Release|Any CPU.Build.0 = Release|Any CPU
	EndGlobalSection
	GlobalSection(SolutionProperties) = preSolution
		HideSolutionNode = FALSE
	EndGlobalSection
EndGlobal
